// !$*UTF8*$!
{
	archiveVersion = 1;
	classes = {
	};
	objectVersion = 55;
	objects = {

/* Begin PBXBuildFile section */
		F888C94027C2756200336FCF /* AppDelegate.swift in Sources */ = {isa = PBXBuildFile; fileRef = F888C93F27C2756200336FCF /* AppDelegate.swift */; };
		F888C94227C2756200336FCF /* SceneDelegate.swift in Sources */ = {isa = PBXBuildFile; fileRef = F888C94127C2756200336FCF /* SceneDelegate.swift */; };
		F888C94427C2756200336FCF /* ViewController.swift in Sources */ = {isa = PBXBuildFile; fileRef = F888C94327C2756200336FCF /* ViewController.swift */; };
		F888C94727C2756200336FCF /* Main.storyboard in Resources */ = {isa = PBXBuildFile; fileRef = F888C94527C2756200336FCF /* Main.storyboard */; };
		F888C94927C2756300336FCF /* Assets.xcassets in Resources */ = {isa = PBXBuildFile; fileRef = F888C94827C2756300336FCF /* Assets.xcassets */; };
		F888C94C27C2756300336FCF /* LaunchScreen.storyboard in Resources */ = {isa = PBXBuildFile; fileRef = F888C94A27C2756300336FCF /* LaunchScreen.storyboard */; };
		F888C95727C2756300336FCF /* NewsSumTests.swift in Sources */ = {isa = PBXBuildFile; fileRef = F888C95627C2756300336FCF /* NewsSumTests.swift */; };
		F888C96127C2756300336FCF /* NewsSumUITests.swift in Sources */ = {isa = PBXBuildFile; fileRef = F888C96027C2756300336FCF /* NewsSumUITests.swift */; };
		F888C96327C2756300336FCF /* NewsSumUITestsLaunchTests.swift in Sources */ = {isa = PBXBuildFile; fileRef = F888C96227C2756300336FCF /* NewsSumUITestsLaunchTests.swift */; };
/* End PBXBuildFile section */

/* Begin PBXContainerItemProxy section */
		F888C95327C2756300336FCF /* PBXContainerItemProxy */ = {
			isa = PBXContainerItemProxy;
			containerPortal = F888C93427C2756200336FCF /* Project object */;
			proxyType = 1;
			remoteGlobalIDString = F888C93B27C2756200336FCF;
			remoteInfo = NewsSum;
		};
		F888C95D27C2756300336FCF /* PBXContainerItemProxy */ = {
			isa = PBXContainerItemProxy;
			containerPortal = F888C93427C2756200336FCF /* Project object */;
			proxyType = 1;
			remoteGlobalIDString = F888C93B27C2756200336FCF;
			remoteInfo = NewsSum;
		};
/* End PBXContainerItemProxy section */

/* Begin PBXFileReference section */
		F888C93C27C2756200336FCF /* NewsSum.app */ = {isa = PBXFileReference; explicitFileType = wrapper.application; includeInIndex = 0; path = NewsSum.app; sourceTree = BUILT_PRODUCTS_DIR; };
		F888C93F27C2756200336FCF /* AppDelegate.swift */ = {isa = PBXFileReference; lastKnownFileType = sourcecode.swift; path = AppDelegate.swift; sourceTree = "<group>"; };
		F888C94127C2756200336FCF /* SceneDelegate.swift */ = {isa = PBXFileReference; lastKnownFileType = sourcecode.swift; path = SceneDelegate.swift; sourceTree = "<group>"; };
		F888C94327C2756200336FCF /* ViewController.swift */ = {isa = PBXFileReference; lastKnownFileType = sourcecode.swift; path = ViewController.swift; sourceTree = "<group>"; };
		F888C94627C2756200336FCF /* Base */ = {isa = PBXFileReference; lastKnownFileType = file.storyboard; name = Base; path = Base.lproj/Main.storyboard; sourceTree = "<group>"; };
		F888C94827C2756300336FCF /* Assets.xcassets */ = {isa = PBXFileReference; lastKnownFileType = folder.assetcatalog; path = Assets.xcassets; sourceTree = "<group>"; };
		F888C94B27C2756300336FCF /* Base */ = {isa = PBXFileReference; lastKnownFileType = file.storyboard; name = Base; path = Base.lproj/LaunchScreen.storyboard; sourceTree = "<group>"; };
		F888C94D27C2756300336FCF /* Info.plist */ = {isa = PBXFileReference; lastKnownFileType = text.plist.xml; path = Info.plist; sourceTree = "<group>"; };
		F888C95227C2756300336FCF /* NewsSumTests.xctest */ = {isa = PBXFileReference; explicitFileType = wrapper.cfbundle; includeInIndex = 0; path = NewsSumTests.xctest; sourceTree = BUILT_PRODUCTS_DIR; };
		F888C95627C2756300336FCF /* NewsSumTests.swift */ = {isa = PBXFileReference; lastKnownFileType = sourcecode.swift; path = NewsSumTests.swift; sourceTree = "<group>"; };
		F888C95C27C2756300336FCF /* NewsSumUITests.xctest */ = {isa = PBXFileReference; explicitFileType = wrapper.cfbundle; includeInIndex = 0; path = NewsSumUITests.xctest; sourceTree = BUILT_PRODUCTS_DIR; };
		F888C96027C2756300336FCF /* NewsSumUITests.swift */ = {isa = PBXFileReference; lastKnownFileType = sourcecode.swift; path = NewsSumUITests.swift; sourceTree = "<group>"; };
		F888C96227C2756300336FCF /* NewsSumUITestsLaunchTests.swift */ = {isa = PBXFileReference; lastKnownFileType = sourcecode.swift; path = NewsSumUITestsLaunchTests.swift; sourceTree = "<group>"; };
/* End PBXFileReference section */

/* Begin PBXFrameworksBuildPhase section */
		F888C93927C2756200336FCF /* Frameworks */ = {
			isa = PBXFrameworksBuildPhase;
			buildActionMask = 2147483647;
			files = (
			);
			runOnlyForDeploymentPostprocessing = 0;
		};
		F888C94F27C2756300336FCF /* Frameworks */ = {
			isa = PBXFrameworksBuildPhase;
			buildActionMask = 2147483647;
			files = (
			);
			runOnlyForDeploymentPostprocessing = 0;
		};
		F888C95927C2756300336FCF /* Frameworks */ = {
			isa = PBXFrameworksBuildPhase;
			buildActionMask = 2147483647;
			files = (
			);
			runOnlyForDeploymentPostprocessing = 0;
		};
/* End PBXFrameworksBuildPhase section */

/* Begin PBXGroup section */
		F888C93327C2756200336FCF = {
			isa = PBXGroup;
			children = (
				F888C93E27C2756200336FCF /* NewsSum */,
				F888C95527C2756300336FCF /* NewsSumTests */,
				F888C95F27C2756300336FCF /* NewsSumUITests */,
				F888C93D27C2756200336FCF /* Products */,
			);
			sourceTree = "<group>";
		};
		F888C93D27C2756200336FCF /* Products */ = {
			isa = PBXGroup;
			children = (
				F888C93C27C2756200336FCF /* NewsSum.app */,
				F888C95227C2756300336FCF /* NewsSumTests.xctest */,
				F888C95C27C2756300336FCF /* NewsSumUITests.xctest */,
			);
			name = Products;
			sourceTree = "<group>";
		};
		F888C93E27C2756200336FCF /* NewsSum */ = {
			isa = PBXGroup;
			children = (
				F888C93F27C2756200336FCF /* AppDelegate.swift */,
				F888C94127C2756200336FCF /* SceneDelegate.swift */,
				F888C94327C2756200336FCF /* ViewController.swift */,
				F888C94527C2756200336FCF /* Main.storyboard */,
				F888C94827C2756300336FCF /* Assets.xcassets */,
				F888C94A27C2756300336FCF /* LaunchScreen.storyboard */,
				F888C94D27C2756300336FCF /* Info.plist */,
			);
			path = NewsSum;
			sourceTree = "<group>";
		};
		F888C95527C2756300336FCF /* NewsSumTests */ = {
			isa = PBXGroup;
			children = (
				F888C95627C2756300336FCF /* NewsSumTests.swift */,
			);
			path = NewsSumTests;
			sourceTree = "<group>";
		};
		F888C95F27C2756300336FCF /* NewsSumUITests */ = {
			isa = PBXGroup;
			children = (
				F888C96027C2756300336FCF /* NewsSumUITests.swift */,
				F888C96227C2756300336FCF /* NewsSumUITestsLaunchTests.swift */,
			);
			path = NewsSumUITests;
			sourceTree = "<group>";
		};
/* End PBXGroup section */

/* Begin PBXNativeTarget section */
		F888C93B27C2756200336FCF /* NewsSum */ = {
			isa = PBXNativeTarget;
			buildConfigurationList = F888C96627C2756300336FCF /* Build configuration list for PBXNativeTarget "NewsSum" */;
			buildPhases = (
				F888C93827C2756200336FCF /* Sources */,
				F888C93927C2756200336FCF /* Frameworks */,
				F888C93A27C2756200336FCF /* Resources */,
			);
			buildRules = (
			);
			dependencies = (
			);
			name = NewsSum;
			productName = NewsSum;
			productReference = F888C93C27C2756200336FCF /* NewsSum.app */;
			productType = "com.apple.product-type.application";
		};
		F888C95127C2756300336FCF /* NewsSumTests */ = {
			isa = PBXNativeTarget;
			buildConfigurationList = F888C96927C2756300336FCF /* Build configuration list for PBXNativeTarget "NewsSumTests" */;
			buildPhases = (
				F888C94E27C2756300336FCF /* Sources */,
				F888C94F27C2756300336FCF /* Frameworks */,
				F888C95027C2756300336FCF /* Resources */,
			);
			buildRules = (
			);
			dependencies = (
				F888C95427C2756300336FCF /* PBXTargetDependency */,
			);
			name = NewsSumTests;
			productName = NewsSumTests;
			productReference = F888C95227C2756300336FCF /* NewsSumTests.xctest */;
			productType = "com.apple.product-type.bundle.unit-test";
		};
		F888C95B27C2756300336FCF /* NewsSumUITests */ = {
			isa = PBXNativeTarget;
			buildConfigurationList = F888C96C27C2756300336FCF /* Build configuration list for PBXNativeTarget "NewsSumUITests" */;
			buildPhases = (
				F888C95827C2756300336FCF /* Sources */,
				F888C95927C2756300336FCF /* Frameworks */,
				F888C95A27C2756300336FCF /* Resources */,
			);
			buildRules = (
			);
			dependencies = (
				F888C95E27C2756300336FCF /* PBXTargetDependency */,
			);
			name = NewsSumUITests;
			productName = NewsSumUITests;
			productReference = F888C95C27C2756300336FCF /* NewsSumUITests.xctest */;
			productType = "com.apple.product-type.bundle.ui-testing";
		};
/* End PBXNativeTarget section */

/* Begin PBXProject section */
		F888C93427C2756200336FCF /* Project object */ = {
			isa = PBXProject;
			attributes = {
				BuildIndependentTargetsInParallel = 1;
				LastSwiftUpdateCheck = 1320;
				LastUpgradeCheck = 1320;
				TargetAttributes = {
					F888C93B27C2756200336FCF = {
						CreatedOnToolsVersion = 13.2.1;
					};
					F888C95127C2756300336FCF = {
						CreatedOnToolsVersion = 13.2.1;
						TestTargetID = F888C93B27C2756200336FCF;
					};
					F888C95B27C2756300336FCF = {
						CreatedOnToolsVersion = 13.2.1;
						TestTargetID = F888C93B27C2756200336FCF;
					};
				};
			};
			buildConfigurationList = F888C93727C2756200336FCF /* Build configuration list for PBXProject "NewsSum" */;
			compatibilityVersion = "Xcode 13.0";
			developmentRegion = en;
			hasScannedForEncodings = 0;
			knownRegions = (
				en,
				Base,
			);
			mainGroup = F888C93327C2756200336FCF;
			productRefGroup = F888C93D27C2756200336FCF /* Products */;
			projectDirPath = "";
			projectRoot = "";
			targets = (
				F888C93B27C2756200336FCF /* NewsSum */,
				F888C95127C2756300336FCF /* NewsSumTests */,
				F888C95B27C2756300336FCF /* NewsSumUITests */,
			);
		};
/* End PBXProject section */

/* Begin PBXResourcesBuildPhase section */
		F888C93A27C2756200336FCF /* Resources */ = {
			isa = PBXResourcesBuildPhase;
			buildActionMask = 2147483647;
			files = (
				F888C94C27C2756300336FCF /* LaunchScreen.storyboard in Resources */,
				F888C94927C2756300336FCF /* Assets.xcassets in Resources */,
				F888C94727C2756200336FCF /* Main.storyboard in Resources */,
			);
			runOnlyForDeploymentPostprocessing = 0;
		};
		F888C95027C2756300336FCF /* Resources */ = {
			isa = PBXResourcesBuildPhase;
			buildActionMask = 2147483647;
			files = (
			);
			runOnlyForDeploymentPostprocessing = 0;
		};
		F888C95A27C2756300336FCF /* Resources */ = {
			isa = PBXResourcesBuildPhase;
			buildActionMask = 2147483647;
			files = (
			);
			runOnlyForDeploymentPostprocessing = 0;
		};
/* End PBXResourcesBuildPhase section */

/* Begin PBXSourcesBuildPhase section */
		F888C93827C2756200336FCF /* Sources */ = {
			isa = PBXSourcesBuildPhase;
			buildActionMask = 2147483647;
			files = (
				F888C94427C2756200336FCF /* ViewController.swift in Sources */,
				F888C94027C2756200336FCF /* AppDelegate.swift in Sources */,
				F888C94227C2756200336FCF /* SceneDelegate.swift in Sources */,
			);
			runOnlyForDeploymentPostprocessing = 0;
		};
		F888C94E27C2756300336FCF /* Sources */ = {
			isa = PBXSourcesBuildPhase;
			buildActionMask = 2147483647;
			files = (
				F888C95727C2756300336FCF /* NewsSumTests.swift in Sources */,
			);
			runOnlyForDeploymentPostprocessing = 0;
		};
		F888C95827C2756300336FCF /* Sources */ = {
			isa = PBXSourcesBuildPhase;
			buildActionMask = 2147483647;
			files = (
				F888C96127C2756300336FCF /* NewsSumUITests.swift in Sources */,
				F888C96327C2756300336FCF /* NewsSumUITestsLaunchTests.swift in Sources */,
			);
			runOnlyForDeploymentPostprocessing = 0;
		};
/* End PBXSourcesBuildPhase section */

/* Begin PBXTargetDependency section */
		F888C95427C2756300336FCF /* PBXTargetDependency */ = {
			isa = PBXTargetDependency;
			target = F888C93B27C2756200336FCF /* NewsSum */;
			targetProxy = F888C95327C2756300336FCF /* PBXContainerItemProxy */;
		};
		F888C95E27C2756300336FCF /* PBXTargetDependency */ = {
			isa = PBXTargetDependency;
			target = F888C93B27C2756200336FCF /* NewsSum */;
			targetProxy = F888C95D27C2756300336FCF /* PBXContainerItemProxy */;
		};
/* End PBXTargetDependency section */

/* Begin PBXVariantGroup section */
		F888C94527C2756200336FCF /* Main.storyboard */ = {
			isa = PBXVariantGroup;
			children = (
				F888C94627C2756200336FCF /* Base */,
			);
			name = Main.storyboard;
			sourceTree = "<group>";
		};
		F888C94A27C2756300336FCF /* LaunchScreen.storyboard */ = {
			isa = PBXVariantGroup;
			children = (
				F888C94B27C2756300336FCF /* Base */,
			);
			name = LaunchScreen.storyboard;
			sourceTree = "<group>";
		};
/* End PBXVariantGroup section */

/* Begin XCBuildConfiguration section */
		F888C96427C2756300336FCF /* Debug */ = {
			isa = XCBuildConfiguration;
			buildSettings = {
				ALWAYS_SEARCH_USER_PATHS = NO;
				CLANG_ANALYZER_NONNULL = YES;
				CLANG_ANALYZER_NUMBER_OBJECT_CONVERSION = YES_AGGRESSIVE;
				CLANG_CXX_LANGUAGE_STANDARD = "gnu++17";
				CLANG_CXX_LIBRARY = "libc++";
				CLANG_ENABLE_MODULES = YES;
				CLANG_ENABLE_OBJC_ARC = YES;
				CLANG_ENABLE_OBJC_WEAK = YES;
				CLANG_WARN_BLOCK_CAPTURE_AUTORELEASING = YES;
				CLANG_WARN_BOOL_CONVERSION = YES;
				CLANG_WARN_COMMA = YES;
				CLANG_WARN_CONSTANT_CONVERSION = YES;
				CLANG_WARN_DEPRECATED_OBJC_IMPLEMENTATIONS = YES;
				CLANG_WARN_DIRECT_OBJC_ISA_USAGE = YES_ERROR;
				CLANG_WARN_DOCUMENTATION_COMMENTS = YES;
				CLANG_WARN_EMPTY_BODY = YES;
				CLANG_WARN_ENUM_CONVERSION = YES;
				CLANG_WARN_INFINITE_RECURSION = YES;
				CLANG_WARN_INT_CONVERSION = YES;
				CLANG_WARN_NON_LITERAL_NULL_CONVERSION = YES;
				CLANG_WARN_OBJC_IMPLICIT_RETAIN_SELF = YES;
				CLANG_WARN_OBJC_LITERAL_CONVERSION = YES;
				CLANG_WARN_OBJC_ROOT_CLASS = YES_ERROR;
				CLANG_WARN_QUOTED_INCLUDE_IN_FRAMEWORK_HEADER = YES;
				CLANG_WARN_RANGE_LOOP_ANALYSIS = YES;
				CLANG_WARN_STRICT_PROTOTYPES = YES;
				CLANG_WARN_SUSPICIOUS_MOVE = YES;
				CLANG_WARN_UNGUARDED_AVAILABILITY = YES_AGGRESSIVE;
				CLANG_WARN_UNREACHABLE_CODE = YES;
				CLANG_WARN__DUPLICATE_METHOD_MATCH = YES;
				COPY_PHASE_STRIP = NO;
				DEBUG_INFORMATION_FORMAT = dwarf;
				ENABLE_STRICT_OBJC_MSGSEND = YES;
				ENABLE_TESTABILITY = YES;
				GCC_C_LANGUAGE_STANDARD = gnu11;
				GCC_DYNAMIC_NO_PIC = NO;
				GCC_NO_COMMON_BLOCKS = YES;
				GCC_OPTIMIZATION_LEVEL = 0;
				GCC_PREPROCESSOR_DEFINITIONS = (
					"DEBUG=1",
					"$(inherited)",
				);
				GCC_WARN_64_TO_32_BIT_CONVERSION = YES;
				GCC_WARN_ABOUT_RETURN_TYPE = YES_ERROR;
				GCC_WARN_UNDECLARED_SELECTOR = YES;
				GCC_WARN_UNINITIALIZED_AUTOS = YES_AGGRESSIVE;
				GCC_WARN_UNUSED_FUNCTION = YES;
				GCC_WARN_UNUSED_VARIABLE = YES;
				IPHONEOS_DEPLOYMENT_TARGET = 15.2;
				MTL_ENABLE_DEBUG_INFO = INCLUDE_SOURCE;
				MTL_FAST_MATH = YES;
				ONLY_ACTIVE_ARCH = YES;
				SDKROOT = iphoneos;
				SWIFT_ACTIVE_COMPILATION_CONDITIONS = DEBUG;
				SWIFT_OPTIMIZATION_LEVEL = "-Onone";
			};
			name = Debug;
		};
		F888C96527C2756300336FCF /* Release */ = {
			isa = XCBuildConfiguration;
			buildSettings = {
				ALWAYS_SEARCH_USER_PATHS = NO;
				CLANG_ANALYZER_NONNULL = YES;
				CLANG_ANALYZER_NUMBER_OBJECT_CONVERSION = YES_AGGRESSIVE;
				CLANG_CXX_LANGUAGE_STANDARD = "gnu++17";
				CLANG_CXX_LIBRARY = "libc++";
				CLANG_ENABLE_MODULES = YES;
				CLANG_ENABLE_OBJC_ARC = YES;
				CLANG_ENABLE_OBJC_WEAK = YES;
				CLANG_WARN_BLOCK_CAPTURE_AUTORELEASING = YES;
				CLANG_WARN_BOOL_CONVERSION = YES;
				CLANG_WARN_COMMA = YES;
				CLANG_WARN_CONSTANT_CONVERSION = YES;
				CLANG_WARN_DEPRECATED_OBJC_IMPLEMENTATIONS = YES;
				CLANG_WARN_DIRECT_OBJC_ISA_USAGE = YES_ERROR;
				CLANG_WARN_DOCUMENTATION_COMMENTS = YES;
				CLANG_WARN_EMPTY_BODY = YES;
				CLANG_WARN_ENUM_CONVERSION = YES;
				CLANG_WARN_INFINITE_RECURSION = YES;
				CLANG_WARN_INT_CONVERSION = YES;
				CLANG_WARN_NON_LITERAL_NULL_CONVERSION = YES;
				CLANG_WARN_OBJC_IMPLICIT_RETAIN_SELF = YES;
				CLANG_WARN_OBJC_LITERAL_CONVERSION = YES;
				CLANG_WARN_OBJC_ROOT_CLASS = YES_ERROR;
				CLANG_WARN_QUOTED_INCLUDE_IN_FRAMEWORK_HEADER = YES;
				CLANG_WARN_RANGE_LOOP_ANALYSIS = YES;
				CLANG_WARN_STRICT_PROTOTYPES = YES;
				CLANG_WARN_SUSPICIOUS_MOVE = YES;
				CLANG_WARN_UNGUARDED_AVAILABILITY = YES_AGGRESSIVE;
				CLANG_WARN_UNREACHABLE_CODE = YES;
				CLANG_WARN__DUPLICATE_METHOD_MATCH = YES;
				COPY_PHASE_STRIP = NO;
				DEBUG_INFORMATION_FORMAT = "dwarf-with-dsym";
				ENABLE_NS_ASSERTIONS = NO;
				ENABLE_STRICT_OBJC_MSGSEND = YES;
				GCC_C_LANGUAGE_STANDARD = gnu11;
				GCC_NO_COMMON_BLOCKS = YES;
				GCC_WARN_64_TO_32_BIT_CONVERSION = YES;
				GCC_WARN_ABOUT_RETURN_TYPE = YES_ERROR;
				GCC_WARN_UNDECLARED_SELECTOR = YES;
				GCC_WARN_UNINITIALIZED_AUTOS = YES_AGGRESSIVE;
				GCC_WARN_UNUSED_FUNCTION = YES;
				GCC_WARN_UNUSED_VARIABLE = YES;
				IPHONEOS_DEPLOYMENT_TARGET = 15.2;
				MTL_ENABLE_DEBUG_INFO = NO;
				MTL_FAST_MATH = YES;
				SDKROOT = iphoneos;
				SWIFT_COMPILATION_MODE = wholemodule;
				SWIFT_OPTIMIZATION_LEVEL = "-O";
				VALIDATE_PRODUCT = YES;
			};
			name = Release;
		};
		F888C96727C2756300336FCF /* Debug */ = {
			isa = XCBuildConfiguration;
			buildSettings = {
				ASSETCATALOG_COMPILER_APPICON_NAME = AppIcon;
				ASSETCATALOG_COMPILER_GLOBAL_ACCENT_COLOR_NAME = AccentColor;
				CODE_SIGN_STYLE = Automatic;
				CURRENT_PROJECT_VERSION = 1;
				GENERATE_INFOPLIST_FILE = YES;
				INFOPLIST_FILE = NewsSum/Info.plist;
				INFOPLIST_KEY_UIApplicationSupportsIndirectInputEvents = YES;
				INFOPLIST_KEY_UILaunchStoryboardName = LaunchScreen;
				INFOPLIST_KEY_UIMainStoryboardFile = Main;
				INFOPLIST_KEY_UISupportedInterfaceOrientations_iPad = "UIInterfaceOrientationPortrait UIInterfaceOrientationPortraitUpsideDown UIInterfaceOrientationLandscapeLeft UIInterfaceOrientationLandscapeRight";
				INFOPLIST_KEY_UISupportedInterfaceOrientations_iPhone = "UIInterfaceOrientationPortrait UIInterfaceOrientationLandscapeLeft UIInterfaceOrientationLandscapeRight";
				LD_RUNPATH_SEARCH_PATHS = (
					"$(inherited)",
					"@executable_path/Frameworks",
				);
				MARKETING_VERSION = 1.0;
				PRODUCT_BUNDLE_IDENTIFIER = NewsSum.NewsSum;
				PRODUCT_NAME = "$(TARGET_NAME)";
				SWIFT_EMIT_LOC_STRINGS = YES;
				SWIFT_VERSION = 5.0;
				TARGETED_DEVICE_FAMILY = "1,2";
			};
			name = Debug;
		};
		F888C96827C2756300336FCF /* Release */ = {
			isa = XCBuildConfiguration;
			buildSettings = {
				ASSETCATALOG_COMPILER_APPICON_NAME = AppIcon;
				ASSETCATALOG_COMPILER_GLOBAL_ACCENT_COLOR_NAME = AccentColor;
				CODE_SIGN_STYLE = Automatic;
				CURRENT_PROJECT_VERSION = 1;
				GENERATE_INFOPLIST_FILE = YES;
				INFOPLIST_FILE = NewsSum/Info.plist;
				INFOPLIST_KEY_UIApplicationSupportsIndirectInputEvents = YES;
				INFOPLIST_KEY_UILaunchStoryboardName = LaunchScreen;
				INFOPLIST_KEY_UIMainStoryboardFile = Main;
				INFOPLIST_KEY_UISupportedInterfaceOrientations_iPad = "UIInterfaceOrientationPortrait UIInterfaceOrientationPortraitUpsideDown UIInterfaceOrientationLandscapeLeft UIInterfaceOrientationLandscapeRight";
				INFOPLIST_KEY_UISupportedInterfaceOrientations_iPhone = "UIInterfaceOrientationPortrait UIInterfaceOrientationLandscapeLeft UIInterfaceOrientationLandscapeRight";
				LD_RUNPATH_SEARCH_PATHS = (
					"$(inherited)",
					"@executable_path/Frameworks",
				);
				MARKETING_VERSION = 1.0;
				PRODUCT_BUNDLE_IDENTIFIER = NewsSum.NewsSum;
				PRODUCT_NAME = "$(TARGET_NAME)";
				SWIFT_EMIT_LOC_STRINGS = YES;
				SWIFT_VERSION = 5.0;
				TARGETED_DEVICE_FAMILY = "1,2";
			};
			name = Release;
		};
		F888C96A27C2756300336FCF /* Debug */ = {
			isa = XCBuildConfiguration;
			buildSettings = {
				ALWAYS_EMBED_SWIFT_STANDARD_LIBRARIES = YES;
				BUNDLE_LOADER = "$(TEST_HOST)";
				CODE_SIGN_STYLE = Automatic;
				CURRENT_PROJECT_VERSION = 1;
				GENERATE_INFOPLIST_FILE = YES;
				IPHONEOS_DEPLOYMENT_TARGET = 15.2;
				MARKETING_VERSION = 1.0;
				PRODUCT_BUNDLE_IDENTIFIER = NewsSum.NewsSumTests;
				PRODUCT_NAME = "$(TARGET_NAME)";
				SWIFT_EMIT_LOC_STRINGS = NO;
				SWIFT_VERSION = 5.0;
				TARGETED_DEVICE_FAMILY = "1,2";
				TEST_HOST = "$(BUILT_PRODUCTS_DIR)/NewsSum.app/NewsSum";
			};
			name = Debug;
		};
		F888C96B27C2756300336FCF /* Release */ = {
			isa = XCBuildConfiguration;
			buildSettings = {
				ALWAYS_EMBED_SWIFT_STANDARD_LIBRARIES = YES;
				BUNDLE_LOADER = "$(TEST_HOST)";
				CODE_SIGN_STYLE = Automatic;
				CURRENT_PROJECT_VERSION = 1;
				GENERATE_INFOPLIST_FILE = YES;
				IPHONEOS_DEPLOYMENT_TARGET = 15.2;
				MARKETING_VERSION = 1.0;
				PRODUCT_BUNDLE_IDENTIFIER = NewsSum.NewsSumTests;
				PRODUCT_NAME = "$(TARGET_NAME)";
				SWIFT_EMIT_LOC_STRINGS = NO;
				SWIFT_VERSION = 5.0;
				TARGETED_DEVICE_FAMILY = "1,2";
				TEST_HOST = "$(BUILT_PRODUCTS_DIR)/NewsSum.app/NewsSum";
			};
			name = Release;
		};
		F888C96D27C2756300336FCF /* Debug */ = {
			isa = XCBuildConfiguration;
			buildSettings = {
				ALWAYS_EMBED_SWIFT_STANDARD_LIBRARIES = YES;
				CODE_SIGN_STYLE = Automatic;
				CURRENT_PROJECT_VERSION = 1;
				GENERATE_INFOPLIST_FILE = YES;
				MARKETING_VERSION = 1.0;
				PRODUCT_BUNDLE_IDENTIFIER = NewsSum.NewsSumUITests;
				PRODUCT_NAME = "$(TARGET_NAME)";
				SWIFT_EMIT_LOC_STRINGS = NO;
				SWIFT_VERSION = 5.0;
				TARGETED_DEVICE_FAMILY = "1,2";
				TEST_TARGET_NAME = NewsSum;
			};
			name = Debug;
		};
		F888C96E27C2756300336FCF /* Release */ = {
			isa = XCBuildConfiguration;
			buildSettings = {
				ALWAYS_EMBED_SWIFT_STANDARD_LIBRARIES = YES;
				CODE_SIGN_STYLE = Automatic;
				CURRENT_PROJECT_VERSION = 1;
				GENERATE_INFOPLIST_FILE = YES;
				MARKETING_VERSION = 1.0;
				PRODUCT_BUNDLE_IDENTIFIER = NewsSum.NewsSumUITests;
				PRODUCT_NAME = "$(TARGET_NAME)";
				SWIFT_EMIT_LOC_STRINGS = NO;
				SWIFT_VERSION = 5.0;
				TARGETED_DEVICE_FAMILY = "1,2";
				TEST_TARGET_NAME = NewsSum;
			};
			name = Release;
		};
/* End XCBuildConfiguration section */

/* Begin XCConfigurationList section */
		F888C93727C2756200336FCF /* Build configuration list for PBXProject "NewsSum" */ = {
			isa = XCConfigurationList;
			buildConfigurations = (
				F888C96427C2756300336FCF /* Debug */,
				F888C96527C2756300336FCF /* Release */,
			);
			defaultConfigurationIsVisible = 0;
			defaultConfigurationName = Release;
		};
		F888C96627C2756300336FCF /* Build configuration list for PBXNativeTarget "NewsSum" */ = {
			isa = XCConfigurationList;
			buildConfigurations = (
				F888C96727C2756300336FCF /* Debug */,
				F888C96827C2756300336FCF /* Release */,
			);
			defaultConfigurationIsVisible = 0;
			defaultConfigurationName = Release;
		};
		F888C96927C2756300336FCF /* Build configuration list for PBXNativeTarget "NewsSumTests" */ = {
			isa = XCConfigurationList;
			buildConfigurations = (
				F888C96A27C2756300336FCF /* Debug */,
				F888C96B27C2756300336FCF /* Release */,
			);
			defaultConfigurationIsVisible = 0;
			defaultConfigurationName = Release;
		};
		F888C96C27C2756300336FCF /* Build configuration list for PBXNativeTarget "NewsSumUITests" */ = {
			isa = XCConfigurationList;
			buildConfigurations = (
				F888C96D27C2756300336FCF /* Debug */,
				F888C96E27C2756300336FCF /* Release */,
			);
			defaultConfigurationIsVisible = 0;
			defaultConfigurationName = Release;
		};
/* End XCConfigurationList section */
	};
	rootObject = F888C93427C2756200336FCF /* Project object */;
}
